// !$*UTF8*$!
{
	archiveVersion = 1;
	classes = {
	};
	objectVersion = 46;
	objects = {

/* Begin PBXBuildFile section */
		FD130FDF1DCFC1890084BDED /* View.swift in Sources */ = {isa = PBXBuildFile; fileRef = FD130FDE1DCFC1890084BDED /* View.swift */; };
		FD130FE21DCFC42A0084BDED /* ScreenSaver.framework in Frameworks */ = {isa = PBXBuildFile; fileRef = FD130FE11DCFC42A0084BDED /* ScreenSaver.framework */; };
		FD130FE41DCFC42E0084BDED /* AppKit.framework in Frameworks */ = {isa = PBXBuildFile; fileRef = FD130FE31DCFC42E0084BDED /* AppKit.framework */; };
/* End PBXBuildFile section */

/* Begin PBXFileReference section */
		FD130FD11DCFC14E0084BDED /* ColorAtTime.saver */ = {isa = PBXFileReference; explicitFileType = wrapper.cfbundle; includeInIndex = 0; path = ColorAtTime.saver; sourceTree = BUILT_PRODUCTS_DIR; };
		FD130FD81DCFC14E0084BDED /* Info.plist */ = {isa = PBXFileReference; lastKnownFileType = text.plist.xml; path = Info.plist; sourceTree = "<group>"; };
		FD130FDE1DCFC1890084BDED /* View.swift */ = {isa = PBXFileReference; fileEncoding = 4; lastKnownFileType = sourcecode.swift; path = View.swift; sourceTree = "<group>"; };
		FD130FE11DCFC42A0084BDED /* ScreenSaver.framework */ = {isa = PBXFileReference; lastKnownFileType = wrapper.framework; name = ScreenSaver.framework; path = System/Library/Frameworks/ScreenSaver.framework; sourceTree = SDKROOT; };
		FD130FE31DCFC42E0084BDED /* AppKit.framework */ = {isa = PBXFileReference; lastKnownFileType = wrapper.framework; name = AppKit.framework; path = System/Library/Frameworks/AppKit.framework; sourceTree = SDKROOT; };
/* End PBXFileReference section */

/* Begin PBXFrameworksBuildPhase section */
		FD130FCD1DCFC14E0084BDED /* Frameworks */ = {
			isa = PBXFrameworksBuildPhase;
			buildActionMask = 2147483647;
			files = (
				FD130FE41DCFC42E0084BDED /* AppKit.framework in Frameworks */,
				FD130FE21DCFC42A0084BDED /* ScreenSaver.framework in Frameworks */,
			);
			runOnlyForDeploymentPostprocessing = 0;
		};
/* End PBXFrameworksBuildPhase section */

/* Begin PBXGroup section */
		FD130FC71DCFC14E0084BDED = {
			isa = PBXGroup;
			children = (
				FD130FD31DCFC14E0084BDED /* ColorAtTime */,
				FD130FD21DCFC14E0084BDED /* Products */,
				FD130FE01DCFC42A0084BDED /* Frameworks */,
			);
			sourceTree = "<group>";
		};
		FD130FD21DCFC14E0084BDED /* Products */ = {
			isa = PBXGroup;
			children = (
				FD130FD11DCFC14E0084BDED /* ColorAtTime.saver */,
			);
			name = Products;
			sourceTree = "<group>";
		};
		FD130FD31DCFC14E0084BDED /* ColorAtTime */ = {
			isa = PBXGroup;
			children = (
				FD130FDE1DCFC1890084BDED /* View.swift */,
				FD130FD81DCFC14E0084BDED /* Info.plist */,
			);
			path = ColorAtTime;
			sourceTree = "<group>";
		};
		FD130FE01DCFC42A0084BDED /* Frameworks */ = {
			isa = PBXGroup;
			children = (
				FD130FE31DCFC42E0084BDED /* AppKit.framework */,
				FD130FE11DCFC42A0084BDED /* ScreenSaver.framework */,
			);
			name = Frameworks;
			sourceTree = "<group>";
		};
/* End PBXGroup section */

/* Begin PBXHeadersBuildPhase section */
		FD130FCE1DCFC14E0084BDED /* Headers */ = {
			isa = PBXHeadersBuildPhase;
			buildActionMask = 2147483647;
			files = (
			);
			runOnlyForDeploymentPostprocessing = 0;
		};
/* End PBXHeadersBuildPhase section */

/* Begin PBXNativeTarget section */
		FD130FD01DCFC14E0084BDED /* ColorAtTime */ = {
			isa = PBXNativeTarget;
			buildConfigurationList = FD130FDB1DCFC14E0084BDED /* Build configuration list for PBXNativeTarget "ColorAtTime" */;
			buildPhases = (
				FD130FCC1DCFC14E0084BDED /* Sources */,
				FD130FCD1DCFC14E0084BDED /* Frameworks */,
				FD130FCE1DCFC14E0084BDED /* Headers */,
				FD130FCF1DCFC14E0084BDED /* Resources */,
			);
			buildRules = (
			);
			dependencies = (
			);
			name = ColorAtTime;
			productName = ColorAtTime;
			productReference = FD130FD11DCFC14E0084BDED /* ColorAtTime.saver */;
			productType = "com.apple.product-type.bundle";
		};
/* End PBXNativeTarget section */

/* Begin PBXProject section */
		FD130FC81DCFC14E0084BDED /* Project object */ = {
			isa = PBXProject;
			attributes = {
				LastUpgradeCheck = 0810;
				ORGANIZATIONNAME = Ambisapp;
				TargetAttributes = {
					FD130FD01DCFC14E0084BDED = {
						CreatedOnToolsVersion = 8.1;
						DevelopmentTeam = 5SSJV9UH8E;
						LastSwiftMigration = 0810;
						ProvisioningStyle = Automatic;
					};
				};
			};
			buildConfigurationList = FD130FCB1DCFC14E0084BDED /* Build configuration list for PBXProject "ColorAtTime" */;
			compatibilityVersion = "Xcode 3.2";
			developmentRegion = English;
			hasScannedForEncodings = 0;
			knownRegions = (
				en,
			);
			mainGroup = FD130FC71DCFC14E0084BDED;
			productRefGroup = FD130FD21DCFC14E0084BDED /* Products */;
			projectDirPath = "";
			projectRoot = "";
			targets = (
				FD130FD01DCFC14E0084BDED /* ColorAtTime */,
			);
		};
/* End PBXProject section */

/* Begin PBXResourcesBuildPhase section */
		FD130FCF1DCFC14E0084BDED /* Resources */ = {
			isa = PBXResourcesBuildPhase;
			buildActionMask = 2147483647;
			files = (
			);
			runOnlyForDeploymentPostprocessing = 0;
		};
/* End PBXResourcesBuildPhase section */

/* Begin PBXSourcesBuildPhase section */
		FD130FCC1DCFC14E0084BDED /* Sources */ = {
			isa = PBXSourcesBuildPhase;
			buildActionMask = 2147483647;
			files = (
				FD130FDF1DCFC1890084BDED /* View.swift in Sources */,
			);
			runOnlyForDeploymentPostprocessing = 0;
		};
/* End PBXSourcesBuildPhase section */

/* Begin XCBuildConfiguration section */
		FD130FD91DCFC14E0084BDED /* Debug */ = {
			isa = XCBuildConfiguration;
			buildSettings = {
				ALWAYS_SEARCH_USER_PATHS = NO;
				CLANG_ANALYZER_NONNULL = YES;
				CLANG_CXX_LANGUAGE_STANDARD = "gnu++0x";
				CLANG_CXX_LIBRARY = "libc++";
				CLANG_ENABLE_MODULES = YES;
				CLANG_ENABLE_OBJC_ARC = YES;
				CLANG_WARN_BOOL_CONVERSION = YES;
				CLANG_WARN_CONSTANT_CONVERSION = YES;
				CLANG_WARN_DIRECT_OBJC_ISA_USAGE = YES_ERROR;
				CLANG_WARN_DOCUMENTATION_COMMENTS = YES;
				CLANG_WARN_EMPTY_BODY = YES;
				CLANG_WARN_ENUM_CONVERSION = YES;
				CLANG_WARN_INFINITE_RECURSION = YES;
				CLANG_WARN_INT_CONVERSION = YES;
				CLANG_WARN_OBJC_ROOT_CLASS = YES_ERROR;
				CLANG_WARN_SUSPICIOUS_MOVES = YES;
				CLANG_WARN_UNREACHABLE_CODE = YES;
				CLANG_WARN__DUPLICATE_METHOD_MATCH = YES;
				CODE_SIGN_IDENTITY = "-";
				COPY_PHASE_STRIP = NO;
				DEBUG_INFORMATION_FORMAT = dwarf;
				ENABLE_STRICT_OBJC_MSGSEND = YES;
				ENABLE_TESTABILITY = YES;
				GCC_C_LANGUAGE_STANDARD = gnu99;
				GCC_DYNAMIC_NO_PIC = NO;
				GCC_NO_COMMON_BLOCKS = YES;
				GCC_OPTIMIZATION_LEVEL = 0;
				GCC_PREPROCESSOR_DEFINITIONS = (
					"DEBUG=1",
					"$(inherited)",
				);
				GCC_WARN_64_TO_32_BIT_CONVERSION = YES;
				GCC_WARN_ABOUT_RETURN_TYPE = YES_ERROR;
				GCC_WARN_UNDECLARED_SELECTOR = YES;
				GCC_WARN_UNINITIALIZED_AUTOS = YES_AGGRESSIVE;
				GCC_WARN_UNUSED_FUNCTION = YES;
				GCC_WARN_UNUSED_VARIABLE = YES;
				MACOSX_DEPLOYMENT_TARGET = 10.12;
				MTL_ENABLE_DEBUG_INFO = YES;
				ONLY_ACTIVE_ARCH = YES;
				SDKROOT = macosx;
			};
			name = Debug;
		};
		FD130FDA1DCFC14E0084BDED /* Release */ = {
			isa = XCBuildConfiguration;
			buildSettings = {
				ALWAYS_SEARCH_USER_PATHS = NO;
				CLANG_ANALYZER_NONNULL = YES;
				CLANG_CXX_LANGUAGE_STANDARD = "gnu++0x";
				CLANG_CXX_LIBRARY = "libc++";
				CLANG_ENABLE_MODULES = YES;
				CLANG_ENABLE_OBJC_ARC = YES;
				CLANG_WARN_BOOL_CONVERSION = YES;
				CLANG_WARN_CONSTANT_CONVERSION = YES;
				CLANG_WARN_DIRECT_OBJC_ISA_USAGE = YES_ERROR;
				CLANG_WARN_DOCUMENTATION_COMMENTS = YES;
				CLANG_WARN_EMPTY_BODY = YES;
				CLANG_WARN_ENUM_CONVERSION = YES;
				CLANG_WARN_INFINITE_RECURSION = YES;
				CLANG_WARN_INT_CONVERSION = YES;
				CLANG_WARN_OBJC_ROOT_CLASS = YES_ERROR;
				CLANG_WARN_SUSPICIOUS_MOVES = YES;
				CLANG_WARN_UNREACHABLE_CODE = YES;
				CLANG_WARN__DUPLICATE_METHOD_MATCH = YES;
				CODE_SIGN_IDENTITY = "-";
				COPY_PHASE_STRIP = NO;
				DEBUG_INFORMATION_FORMAT = "dwarf-with-dsym";
				ENABLE_NS_ASSERTIONS = NO;
				ENABLE_STRICT_OBJC_MSGSEND = YES;
				GCC_C_LANGUAGE_STANDARD = gnu99;
				GCC_NO_COMMON_BLOCKS = YES;
				GCC_WARN_64_TO_32_BIT_CONVERSION = YES;
				GCC_WARN_ABOUT_RETURN_TYPE = YES_ERROR;
				GCC_WARN_UNDECLARED_SELECTOR = YES;
				GCC_WARN_UNINITIALIZED_AUTOS = YES_AGGRESSIVE;
				GCC_WARN_UNUSED_FUNCTION = YES;
				GCC_WARN_UNUSED_VARIABLE = YES;
				MACOSX_DEPLOYMENT_TARGET = 10.12;
				MTL_ENABLE_DEBUG_INFO = NO;
				SDKROOT = macosx;
			};
			name = Release;
		};
		FD130FDC1DCFC14E0084BDED /* Debug */ = {
			isa = XCBuildConfiguration;
			buildSettings = {
				ALWAYS_EMBED_SWIFT_STANDARD_LIBRARIES = YES;
				CLANG_ENABLE_MODULES = YES;
				CODE_SIGN_IDENTITY = "Mac Developer";
				COMBINE_HIDPI_IMAGES = YES;
				DEVELOPMENT_TEAM = 5SSJV9UH8E;
				INFOPLIST_FILE = ColorAtTime/Info.plist;
				INSTALL_PATH = "$(HOME)/Library/Screen Savers";
				LD_RUNPATH_SEARCH_PATHS = "$(inherited) @executable_path/../Frameworks @loader_path/../Frameworks";
				PRODUCT_BUNDLE_IDENTIFIER = com.ambisapp.ColorAtTime;
				PRODUCT_NAME = "$(TARGET_NAME)";
				SWIFT_OPTIMIZATION_LEVEL = "-Onone";
				SWIFT_VERSION = 3.0.1;
				WRAPPER_EXTENSION = saver;
			};
			name = Debug;
		};
		FD130FDD1DCFC14E0084BDED /* Release */ = {
			isa = XCBuildConfiguration;
			buildSettings = {
				ALWAYS_EMBED_SWIFT_STANDARD_LIBRARIES = YES;
				CLANG_ENABLE_MODULES = YES;
				CODE_SIGN_IDENTITY = "Mac Developer";
				COMBINE_HIDPI_IMAGES = YES;
				DEVELOPMENT_TEAM = 5SSJV9UH8E;
				INFOPLIST_FILE = ColorAtTime/Info.plist;
				INSTALL_PATH = "$(HOME)/Library/Screen Savers";
				LD_RUNPATH_SEARCH_PATHS = "$(inherited) @executable_path/../Frameworks @loader_path/../Frameworks";
				PRODUCT_BUNDLE_IDENTIFIER = com.ambisapp.ColorAtTime;
				PRODUCT_NAME = "$(TARGET_NAME)";
				SWIFT_VERSION = 3.0.1;
				WRAPPER_EXTENSION = saver;
			};
			name = Release;
		};
/* End XCBuildConfiguration section */

/* Begin XCConfigurationList section */
		FD130FCB1DCFC14E0084BDED /* Build configuration list for PBXProject "ColorAtTime" */ = {
			isa = XCConfigurationList;
			buildConfigurations = (
				FD130FD91DCFC14E0084BDED /* Debug */,
				FD130FDA1DCFC14E0084BDED /* Release */,
			);
			defaultConfigurationIsVisible = 0;
			defaultConfigurationName = Release;
		};
		FD130FDB1DCFC14E0084BDED /* Build configuration list for PBXNativeTarget "ColorAtTime" */ = {
			isa = XCConfigurationList;
			buildConfigurations = (
				FD130FDC1DCFC14E0084BDED /* Debug */,
				FD130FDD1DCFC14E0084BDED /* Release */,
			);
			defaultConfigurationIsVisible = 0;
			defaultConfigurationName = Release;
		};
/* End XCConfigurationList section */
	};
	rootObject = FD130FC81DCFC14E0084BDED /* Project object */;
}
